{
  "name": "screeps-shared-code",
  "version": "1.0.0",
  "lockfileVersion": 2,
  "requires": true,
  "packages": {
    "": {
      "name": "screeps-shared-code",
      "version": "1.0.0",
      "license": "MIT",
      "workspaces": [
        "./packages/screeps-ai-utils",
        "./packages/screeps-async-shims"
      ]
    },
    "node_modules/screeps-ai-utils": {
      "resolved": "packages/screeps-ai-utils",
      "link": true
    },
    "packages/screeps-ai-utils": {
      "version": "0.0.6",
      "license": "MIT",
      "devDependencies": {}
    },
    "packages/screeps-async-shims": {
      "version": "0.0.1",
      "extraneous": true,
      "license": "MIT",
      "dependencies": {
        "screeps-ai-utils": "file:../screeps-ai-utils"
      },
      "devDependencies": {}
    }
  },
  "dependencies": {
    "screeps-ai-utils": {
      "version": "file:packages/screeps-ai-utils"
    }
  }
}
