{
  "name": "screeps-async-shims",
  "version": "0.0.1",
  "lockfileVersion": 2,
  "requires": true,
  "packages": {
    "": {
      "name": "screeps-async-shims",
      "version": "0.0.1",
      "license": "MIT",
      "devDependencies": {
        "screeps-ai-utils": "latest"
      }
    },
    "../../screeps-ai-utils": {
      "extraneous": true
    },
    "../screeps-ai-utils": {
      "version": "0.0.6",
      "extraneous": true,
      "license": "MIT",
      "devDependencies": {}
    },
    "../screeps-ai-utils/dist": {
      "extraneous": true
    },
    "node_modules/screeps-ai-utils": {
      "version": "0.0.6",
      "resolved": "https://registry.npmjs.org/screeps-ai-utils/-/screeps-ai-utils-0.0.6.tgz",
      "integrity": "sha512-wU/AImQEqHSBFD3zOR/hJgoM4BaEQyxND3zvn0Bp7WFekMiIZy1vvlqLa+lWlBUdv1+TmNx/xLNqSqjGJ97+Aw==",
      "dev": true
    }
  },
  "dependencies": {
    "screeps-ai-utils": {
      "version": "0.0.6",
      "resolved": "https://registry.npmjs.org/screeps-ai-utils/-/screeps-ai-utils-0.0.6.tgz",
      "integrity": "sha512-wU/AImQEqHSBFD3zOR/hJgoM4BaEQyxND3zvn0Bp7WFekMiIZy1vvlqLa+lWlBUdv1+TmNx/xLNqSqjGJ97+Aw==",
      "dev": true
    }
  }
}
